
Microsoft Visual Studio Solution File, Format Version 12.00
# Visual Studio Version 16
VisualStudioVersion = 25.0.1706.10
MinimumVisualStudioVersion = 10.0.40219.1
Project("{FAE04EC0-301F-11D3-BF4B-00C04F79EFBC}") = "Week9Lists", "Week9Lists\Week9Lists.csproj", "{6EFC5E5B-A88D-4E06-8373-A63C98D9EE14}"
EndProject
Project("{FAE04EC0-301F-11D3-BF4B-00C04F79EFBC}") = "ListVerFunction", "ListVerFunction\ListVerFunction.csproj", "{1A24DB42-4C56-46D5-B8DC-8B58E9302DBC}"
EndProject
Project("{FAE04EC0-301F-11D3-BF4B-00C04F79EFBC}") = "ListSave", "ListSave\ListSave.csproj", "{F27A741E-E6C4-46DE-9622-65CB8BF5BD01}"
EndProject
Global
	GlobalSection(SolutionConfigurationPlatforms) = preSolution
		Debug|Any CPU = Debug|Any CPU
		Release|Any CPU = Release|Any CPU
	EndGlobalSection
	GlobalSection(ProjectConfigurationPlatforms) = postSolution
		{6EFC5E5B-A88D-4E06-8373-A63C98D9EE14}.Debug|Any CPU.ActiveCfg = Debug|Any CPU
		{6EFC5E5B-A88D-4E06-8373-A63C98D9EE14}.Debug|Any CPU.Build.0 = Debug|Any CPU
		{6EFC5E5B-A88D-4E06-8373-A63C98D9EE14}.Release|Any CPU.ActiveCfg = Release|Any CPU
		{6EFC5E5B-A88D-4E06-8373-A63C98D9EE14}.Release|Any CPU.Build.0 = Release|Any CPU
		{1A24DB42-4C56-46D5-B8DC-8B58E9302DBC}.Debug|Any CPU.ActiveCfg = Debug|Any CPU
		{1A24DB42-4C56-46D5-B8DC-8B58E9302DBC}.Debug|Any CPU.Build.0 = Debug|Any CPU
		{1A24DB42-4C56-46D5-B8DC-8B58E9302DBC}.Release|Any CPU.ActiveCfg = Release|Any CPU
		{1A24DB42-4C56-46D5-B8DC-8B58E9302DBC}.Release|Any CPU.Build.0 = Release|Any CPU
		{F27A741E-E6C4-46DE-9622-65CB8BF5BD01}.Debug|Any CPU.ActiveCfg = Debug|Any CPU
		{F27A741E-E6C4-46DE-9622-65CB8BF5BD01}.Debug|Any CPU.Build.0 = Debug|Any CPU
		{F27A741E-E6C4-46DE-9622-65CB8BF5BD01}.Release|Any CPU.ActiveCfg = Release|Any CPU
		{F27A741E-E6C4-46DE-9622-65CB8BF5BD01}.Release|Any CPU.Build.0 = Release|Any CPU
	EndGlobalSection
	GlobalSection(SolutionProperties) = preSolution
		HideSolutionNode = FALSE
	EndGlobalSection
	GlobalSection(ExtensibilityGlobals) = postSolution
		SolutionGuid = {1717F878-4F0E-4040-B0CB-3720172622AE}
	EndGlobalSection
EndGlobal
